
Microsoft Visual Studio Solution File, Format Version 12.00
# Visual Studio Version 16
VisualStudioVersion = 16.0.31410.357
MinimumVisualStudioVersion = 10.0.40219.1
Project("{FAE04EC0-301F-11D3-BF4B-00C04F79EFBC}") = "Fiap.Aula05.Exercicio01", "Fiap.Aula05.Exercicio01\Fiap.Aula05.Exercicio01.csproj", "{927DB581-2519-45F6-844D-BFB4D7049645}"
EndProject
Project("{FAE04EC0-301F-11D3-BF4B-00C04F79EFBC}") = "Fiap.Aula05.Exemplo", "Fiap.Aula05.Exemplo\Fiap.Aula05.Exemplo.csproj", "{F31B7F35-D483-4620-AD2E-DA69A72EE69C}"
EndProject
Global
	GlobalSection(SolutionConfigurationPlatforms) = preSolution
		Debug|Any CPU = Debug|Any CPU
		Release|Any CPU = Release|Any CPU
	EndGlobalSection
	GlobalSection(ProjectConfigurationPlatforms) = postSolution
		{927DB581-2519-45F6-844D-BFB4D7049645}.Debug|Any CPU.ActiveCfg = Debug|Any CPU
		{927DB581-2519-45F6-844D-BFB4D7049645}.Debug|Any CPU.Build.0 = Debug|Any CPU
		{927DB581-2519-45F6-844D-BFB4D7049645}.Release|Any CPU.ActiveCfg = Release|Any CPU
		{927DB581-2519-45F6-844D-BFB4D7049645}.Release|Any CPU.Build.0 = Release|Any CPU
		{F31B7F35-D483-4620-AD2E-DA69A72EE69C}.Debug|Any CPU.ActiveCfg = Debug|Any CPU
		{F31B7F35-D483-4620-AD2E-DA69A72EE69C}.Debug|Any CPU.Build.0 = Debug|Any CPU
		{F31B7F35-D483-4620-AD2E-DA69A72EE69C}.Release|Any CPU.ActiveCfg = Release|Any CPU
		{F31B7F35-D483-4620-AD2E-DA69A72EE69C}.Release|Any CPU.Build.0 = Release|Any CPU
	EndGlobalSection
	GlobalSection(SolutionProperties) = preSolution
		HideSolutionNode = FALSE
	EndGlobalSection
	GlobalSection(ExtensibilityGlobals) = postSolution
		SolutionGuid = {E4F80F0D-2123-46EE-B9BE-A8B67FC30E98}
	EndGlobalSection
EndGlobal
