
Microsoft Visual Studio Solution File, Format Version 12.00
# Visual Studio Version 16
VisualStudioVersion = 16.0.31410.357
MinimumVisualStudioVersion = 10.0.40219.1
Project("{FAE04EC0-301F-11D3-BF4B-00C04F79EFBC}") = "Fiap.Aula03.Exercicio01", "Fiap.Aula03.Exercicio01\Fiap.Aula03.Exercicio01.csproj", "{92162BBE-C794-4158-B5F3-56F40EA3D5A8}"
EndProject
Global
	GlobalSection(SolutionConfigurationPlatforms) = preSolution
		Debug|Any CPU = Debug|Any CPU
		Release|Any CPU = Release|Any CPU
	EndGlobalSection
	GlobalSection(ProjectConfigurationPlatforms) = postSolution
		{92162BBE-C794-4158-B5F3-56F40EA3D5A8}.Debug|Any CPU.ActiveCfg = Debug|Any CPU
		{92162BBE-C794-4158-B5F3-56F40EA3D5A8}.Debug|Any CPU.Build.0 = Debug|Any CPU
		{92162BBE-C794-4158-B5F3-56F40EA3D5A8}.Release|Any CPU.ActiveCfg = Release|Any CPU
		{92162BBE-C794-4158-B5F3-56F40EA3D5A8}.Release|Any CPU.Build.0 = Release|Any CPU
	EndGlobalSection
	GlobalSection(SolutionProperties) = preSolution
		HideSolutionNode = FALSE
	EndGlobalSection
	GlobalSection(ExtensibilityGlobals) = postSolution
		SolutionGuid = {FEBE8E4E-2E17-4243-975D-8494248D0AEB}
	EndGlobalSection
EndGlobal
